
Microsoft Visual Studio Solution File, Format Version 12.00
# Visual Studio Version 16
VisualStudioVersion = 16.0.29230.47
MinimumVisualStudioVersion = 10.0.40219.1
Project("{9A19103F-16F7-4668-BE54-9A1E7A4F7556}") = "LettertypeChaos", "LettertypeChaos.csproj", "{9AE9AF45-00F9-4B6C-82AD-F5DED1B54E23}"
EndProject
Global
	GlobalSection(SolutionConfigurationPlatforms) = preSolution
		Debug|Any CPU = Debug|Any CPU
		Release|Any CPU = Release|Any CPU
	EndGlobalSection
	GlobalSection(ProjectConfigurationPlatforms) = postSolution
		{9AE9AF45-00F9-4B6C-82AD-F5DED1B54E23}.Debug|Any CPU.ActiveCfg = Debug|Any CPU
		{9AE9AF45-00F9-4B6C-82AD-F5DED1B54E23}.Debug|Any CPU.Build.0 = Debug|Any CPU
		{9AE9AF45-00F9-4B6C-82AD-F5DED1B54E23}.Release|Any CPU.ActiveCfg = Release|Any CPU
		{9AE9AF45-00F9-4B6C-82AD-F5DED1B54E23}.Release|Any CPU.Build.0 = Release|Any CPU
	EndGlobalSection
	GlobalSection(SolutionProperties) = preSolution
		HideSolutionNode = FALSE
	EndGlobalSection
	GlobalSection(ExtensibilityGlobals) = postSolution
		SolutionGuid = {35A9A9ED-CEBA-4F32-A3A7-927C694518A7}
	EndGlobalSection
EndGlobal
